
Microsoft Visual Studio Solution File, Format Version 12.00
# Visual Studio Version 16
VisualStudioVersion = 16.0.29728.190
MinimumVisualStudioVersion = 10.0.40219.1
Project("{9A19103F-16F7-4668-BE54-9A1E7A4F7556}") = "Code4Ro.CoViz19.Parser", "Code4Ro.CoViz19.Parser\Code4Ro.CoViz19.Parser.csproj", "{A4F7DC03-9174-4345-A5C7-E8EDCF3DBA0C}"
EndProject
Project("{9A19103F-16F7-4668-BE54-9A1E7A4F7556}") = "Code4Ro.CoViz19.Models", "Code4Ro.CoViz19.Models\Code4Ro.CoViz19.Models.csproj", "{FDA556B5-7558-4632-A0B4-6CC9BB61FF0B}"
EndProject
Project("{9A19103F-16F7-4668-BE54-9A1E7A4F7556}") = "Code4Ro.CoViz19.Services", "Code4Ro.CoViz19.Services\Code4Ro.CoViz19.Services.csproj", "{CBB69752-A865-4D62-A49A-432E8DB9C94D}"
EndProject
Global
	GlobalSection(SolutionConfigurationPlatforms) = preSolution
		Debug|Any CPU = Debug|Any CPU
		Release|Any CPU = Release|Any CPU
	EndGlobalSection
	GlobalSection(ProjectConfigurationPlatforms) = postSolution
		{A4F7DC03-9174-4345-A5C7-E8EDCF3DBA0C}.Debug|Any CPU.ActiveCfg = Debug|Any CPU
		{A4F7DC03-9174-4345-A5C7-E8EDCF3DBA0C}.Debug|Any CPU.Build.0 = Debug|Any CPU
		{A4F7DC03-9174-4345-A5C7-E8EDCF3DBA0C}.Release|Any CPU.ActiveCfg = Release|Any CPU
		{A4F7DC03-9174-4345-A5C7-E8EDCF3DBA0C}.Release|Any CPU.Build.0 = Release|Any CPU
		{FDA556B5-7558-4632-A0B4-6CC9BB61FF0B}.Debug|Any CPU.ActiveCfg = Debug|Any CPU
		{FDA556B5-7558-4632-A0B4-6CC9BB61FF0B}.Debug|Any CPU.Build.0 = Debug|Any CPU
		{FDA556B5-7558-4632-A0B4-6CC9BB61FF0B}.Release|Any CPU.ActiveCfg = Release|Any CPU
		{FDA556B5-7558-4632-A0B4-6CC9BB61FF0B}.Release|Any CPU.Build.0 = Release|Any CPU
		{CBB69752-A865-4D62-A49A-432E8DB9C94D}.Debug|Any CPU.ActiveCfg = Debug|Any CPU
		{CBB69752-A865-4D62-A49A-432E8DB9C94D}.Debug|Any CPU.Build.0 = Debug|Any CPU
		{CBB69752-A865-4D62-A49A-432E8DB9C94D}.Release|Any CPU.ActiveCfg = Release|Any CPU
		{CBB69752-A865-4D62-A49A-432E8DB9C94D}.Release|Any CPU.Build.0 = Release|Any CPU
	EndGlobalSection
	GlobalSection(SolutionProperties) = preSolution
		HideSolutionNode = FALSE
	EndGlobalSection
	GlobalSection(ExtensibilityGlobals) = postSolution
		SolutionGuid = {9E831FF5-382E-42A7-BABB-3FEC336F793A}
	EndGlobalSection
EndGlobal
