
Microsoft Visual Studio Solution File, Format Version 12.00
# Visual Studio Version 16
VisualStudioVersion = 16.0.29911.84
MinimumVisualStudioVersion = 10.0.40219.1
Project("{9A19103F-16F7-4668-BE54-9A1E7A4F7556}") = "Code4Ro.CoViz19.Reporter", "Code4Ro.CoViz19.Reporter\Code4Ro.CoViz19.Reporter.csproj", "{D57A833C-4B57-4B5D-B0B1-9C80B24627B2}"
EndProject
Project("{9A19103F-16F7-4668-BE54-9A1E7A4F7556}") = "Code4Ro.CoViz19.Services", "Code4Ro.CoViz19.Services\Code4Ro.CoViz19.Services.csproj", "{60D4784F-3FDD-425E-851E-9FBC4D9D212F}"
EndProject
Global
	GlobalSection(SolutionConfigurationPlatforms) = preSolution
		Debug|Any CPU = Debug|Any CPU
		Release|Any CPU = Release|Any CPU
	EndGlobalSection
	GlobalSection(ProjectConfigurationPlatforms) = postSolution
		{D57A833C-4B57-4B5D-B0B1-9C80B24627B2}.Debug|Any CPU.ActiveCfg = Debug|Any CPU
		{D57A833C-4B57-4B5D-B0B1-9C80B24627B2}.Debug|Any CPU.Build.0 = Debug|Any CPU
		{D57A833C-4B57-4B5D-B0B1-9C80B24627B2}.Release|Any CPU.ActiveCfg = Release|Any CPU
		{D57A833C-4B57-4B5D-B0B1-9C80B24627B2}.Release|Any CPU.Build.0 = Release|Any CPU
		{60D4784F-3FDD-425E-851E-9FBC4D9D212F}.Debug|Any CPU.ActiveCfg = Debug|Any CPU
		{60D4784F-3FDD-425E-851E-9FBC4D9D212F}.Debug|Any CPU.Build.0 = Debug|Any CPU
		{60D4784F-3FDD-425E-851E-9FBC4D9D212F}.Release|Any CPU.ActiveCfg = Release|Any CPU
		{60D4784F-3FDD-425E-851E-9FBC4D9D212F}.Release|Any CPU.Build.0 = Release|Any CPU
	EndGlobalSection
	GlobalSection(SolutionProperties) = preSolution
		HideSolutionNode = FALSE
	EndGlobalSection
	GlobalSection(ExtensibilityGlobals) = postSolution
		SolutionGuid = {67AFC2AA-7528-482D-BACD-27B6AB2704B1}
	EndGlobalSection
EndGlobal
